
Microsoft Visual Studio Solution File, Format Version 12.00
# Visual Studio Version 16
VisualStudioVersion = 16.0.31613.86
MinimumVisualStudioVersion = 10.0.40219.1
Project("{FAE04EC0-301F-11D3-BF4B-00C04F79EFBC}") = "BluefashionRetailer", "BluefashionRetailer.csproj", "{BCF2CCCC-286A-4630-9749-F3A31C331441}"
EndProject
Global
	GlobalSection(SolutionConfigurationPlatforms) = preSolution
		Debug|Any CPU = Debug|Any CPU
		Release|Any CPU = Release|Any CPU
	EndGlobalSection
	GlobalSection(ProjectConfigurationPlatforms) = postSolution
		{BCF2CCCC-286A-4630-9749-F3A31C331441}.Debug|Any CPU.ActiveCfg = Debug|Any CPU
		{BCF2CCCC-286A-4630-9749-F3A31C331441}.Debug|Any CPU.Build.0 = Debug|Any CPU
		{BCF2CCCC-286A-4630-9749-F3A31C331441}.Release|Any CPU.ActiveCfg = Release|Any CPU
		{BCF2CCCC-286A-4630-9749-F3A31C331441}.Release|Any CPU.Build.0 = Release|Any CPU
	EndGlobalSection
	GlobalSection(SolutionProperties) = preSolution
		HideSolutionNode = FALSE
	EndGlobalSection
	GlobalSection(ExtensibilityGlobals) = postSolution
		SolutionGuid = {FD4D83A3-2142-4979-8466-AB1922AD23DF}
	EndGlobalSection
EndGlobal
